
Microsoft Visual Studio Solution File, Format Version 12.00
# Visual Studio Version 16
VisualStudioVersion = 16.0.30717.126
MinimumVisualStudioVersion = 10.0.40219.1
Project("{FAE04EC0-301F-11D3-BF4B-00C04F79EFBC}") = "TMS.BREW.API.Core", "TMS.BREW.API.Core\TMS.BREW.API.Core.csproj", "{545493A9-9135-483A-B7A5-2FCC04403EE6}"
EndProject
Project("{FAE04EC0-301F-11D3-BF4B-00C04F79EFBC}") = "TMS.BREW.API.UI", "TMS.BREW.API.UI\TMS.BREW.API.UI.csproj", "{C505B3A0-8196-438E-983A-5BDAE5F43DE8}"
EndProject
Global
	GlobalSection(SolutionConfigurationPlatforms) = preSolution
		Debug|Any CPU = Debug|Any CPU
		Release|Any CPU = Release|Any CPU
	EndGlobalSection
	GlobalSection(ProjectConfigurationPlatforms) = postSolution
		{545493A9-9135-483A-B7A5-2FCC04403EE6}.Debug|Any CPU.ActiveCfg = Debug|Any CPU
		{545493A9-9135-483A-B7A5-2FCC04403EE6}.Debug|Any CPU.Build.0 = Debug|Any CPU
		{545493A9-9135-483A-B7A5-2FCC04403EE6}.Release|Any CPU.ActiveCfg = Release|Any CPU
		{545493A9-9135-483A-B7A5-2FCC04403EE6}.Release|Any CPU.Build.0 = Release|Any CPU
		{C505B3A0-8196-438E-983A-5BDAE5F43DE8}.Debug|Any CPU.ActiveCfg = Debug|Any CPU
		{C505B3A0-8196-438E-983A-5BDAE5F43DE8}.Debug|Any CPU.Build.0 = Debug|Any CPU
		{C505B3A0-8196-438E-983A-5BDAE5F43DE8}.Release|Any CPU.ActiveCfg = Release|Any CPU
		{C505B3A0-8196-438E-983A-5BDAE5F43DE8}.Release|Any CPU.Build.0 = Release|Any CPU
	EndGlobalSection
	GlobalSection(SolutionProperties) = preSolution
		HideSolutionNode = FALSE
	EndGlobalSection
	GlobalSection(ExtensibilityGlobals) = postSolution
		SolutionGuid = {80FF5B5C-F61F-4F05-A135-171D9DD86B56}
	EndGlobalSection
EndGlobal
